
Microsoft Visual Studio Solution File, Format Version 12.00
# Visual Studio Version 16
VisualStudioVersion = 16.0.30128.74
MinimumVisualStudioVersion = 10.0.40219.1
Project("{FAE04EC0-301F-11D3-BF4B-00C04F79EFBC}") = "Image Gallery Demo", "Image Gallery Demo.csproj", "{691A6A31-CE86-441B-89A0-5C011A0EF104}"
EndProject
Global
	GlobalSection(SolutionConfigurationPlatforms) = preSolution
		Debug|Any CPU = Debug|Any CPU
		Release|Any CPU = Release|Any CPU
	EndGlobalSection
	GlobalSection(ProjectConfigurationPlatforms) = postSolution
		{691A6A31-CE86-441B-89A0-5C011A0EF104}.Debug|Any CPU.ActiveCfg = Debug|Any CPU
		{691A6A31-CE86-441B-89A0-5C011A0EF104}.Debug|Any CPU.Build.0 = Debug|Any CPU
		{691A6A31-CE86-441B-89A0-5C011A0EF104}.Release|Any CPU.ActiveCfg = Release|Any CPU
		{691A6A31-CE86-441B-89A0-5C011A0EF104}.Release|Any CPU.Build.0 = Release|Any CPU
	EndGlobalSection
	GlobalSection(SolutionProperties) = preSolution
		HideSolutionNode = FALSE
	EndGlobalSection
	GlobalSection(ExtensibilityGlobals) = postSolution
		SolutionGuid = {4CCE13BA-BA61-471C-88A2-4BB1D4CD8A09}
	EndGlobalSection
EndGlobal
